// !$*UTF8*$!
{
	archiveVersion = 1;
	classes = {
	};
	objectVersion = 56;
	objects = {

/* Begin PBXBuildFile section */
		E525B3722AE1A4E10080213C /* AppDelegate.swift in Sources */ = {isa = PBXBuildFile; fileRef = E525B3712AE1A4E10080213C /* AppDelegate.swift */; };
		E525B3742AE1A4E10080213C /* GameViewController.swift in Sources */ = {isa = PBXBuildFile; fileRef = E525B3732AE1A4E10080213C /* GameViewController.swift */; };
		E525B3772AE1A4E10080213C /* Main.storyboard in Resources */ = {isa = PBXBuildFile; fileRef = E525B3752AE1A4E10080213C /* Main.storyboard */; };
		E525B37A2AE1A4E10080213C /* LaunchScreen.storyboard in Resources */ = {isa = PBXBuildFile; fileRef = E525B3782AE1A4E10080213C /* LaunchScreen.storyboard */; };
		E525B37B2AE1A4E10080213C /* Actions.sks in Resources */ = {isa = PBXBuildFile; fileRef = E525B3662AE1A4E00080213C /* Actions.sks */; };
		E525B37C2AE1A4E10080213C /* GameScene.sks in Resources */ = {isa = PBXBuildFile; fileRef = E525B3672AE1A4E00080213C /* GameScene.sks */; };
		E525B37D2AE1A4E10080213C /* GameScene.swift in Sources */ = {isa = PBXBuildFile; fileRef = E525B3682AE1A4E00080213C /* GameScene.swift */; };
		E525B37E2AE1A4E10080213C /* Assets.xcassets in Resources */ = {isa = PBXBuildFile; fileRef = E525B3692AE1A4E10080213C /* Assets.xcassets */; };
		E525B3872AE1A5220080213C /* BoardView.swift in Sources */ = {isa = PBXBuildFile; fileRef = E525B3862AE1A5220080213C /* BoardView.swift */; };
		E525B38E2AE1A8AD0080213C /* Player.swift in Sources */ = {isa = PBXBuildFile; fileRef = E525B38D2AE1A8AD0080213C /* Player.swift */; };
		E525B3902AE1AB7E0080213C /* Piece.swift in Sources */ = {isa = PBXBuildFile; fileRef = E525B38F2AE1AB7E0080213C /* Piece.swift */; };
		E525B3922AE1AD230080213C /* BoardPosition.swift in Sources */ = {isa = PBXBuildFile; fileRef = E525B3912AE1AD230080213C /* BoardPosition.swift */; };
		E5FC66572AE3214600EF8607 /* Actions.swift in Sources */ = {isa = PBXBuildFile; fileRef = E5FC66562AE3214600EF8607 /* Actions.swift */; };
/* End PBXBuildFile section */

/* Begin PBXFileReference section */
		E525B3662AE1A4E00080213C /* Actions.sks */ = {isa = PBXFileReference; lastKnownFileType = file.sks; path = Actions.sks; sourceTree = "<group>"; };
		E525B3672AE1A4E00080213C /* GameScene.sks */ = {isa = PBXFileReference; lastKnownFileType = file.sks; path = GameScene.sks; sourceTree = "<group>"; };
		E525B3682AE1A4E00080213C /* GameScene.swift */ = {isa = PBXFileReference; lastKnownFileType = sourcecode.swift; path = GameScene.swift; sourceTree = "<group>"; };
		E525B3692AE1A4E10080213C /* Assets.xcassets */ = {isa = PBXFileReference; lastKnownFileType = folder.assetcatalog; path = Assets.xcassets; sourceTree = "<group>"; };
		E525B36E2AE1A4E10080213C /* ChessGame.app */ = {isa = PBXFileReference; explicitFileType = wrapper.application; includeInIndex = 0; path = ChessGame.app; sourceTree = BUILT_PRODUCTS_DIR; };
		E525B3712AE1A4E10080213C /* AppDelegate.swift */ = {isa = PBXFileReference; lastKnownFileType = sourcecode.swift; path = AppDelegate.swift; sourceTree = "<group>"; };
		E525B3732AE1A4E10080213C /* GameViewController.swift */ = {isa = PBXFileReference; lastKnownFileType = sourcecode.swift; path = GameViewController.swift; sourceTree = "<group>"; };
		E525B3762AE1A4E10080213C /* Base */ = {isa = PBXFileReference; lastKnownFileType = file.storyboard; name = Base; path = Base.lproj/Main.storyboard; sourceTree = "<group>"; };
		E525B3792AE1A4E10080213C /* Base */ = {isa = PBXFileReference; lastKnownFileType = file.storyboard; name = Base; path = Base.lproj/LaunchScreen.storyboard; sourceTree = "<group>"; };
		E525B3862AE1A5220080213C /* BoardView.swift */ = {isa = PBXFileReference; lastKnownFileType = sourcecode.swift; path = BoardView.swift; sourceTree = "<group>"; };
		E525B38D2AE1A8AD0080213C /* Player.swift */ = {isa = PBXFileReference; lastKnownFileType = sourcecode.swift; path = Player.swift; sourceTree = "<group>"; };
		E525B38F2AE1AB7E0080213C /* Piece.swift */ = {isa = PBXFileReference; lastKnownFileType = sourcecode.swift; path = Piece.swift; sourceTree = "<group>"; };
		E525B3912AE1AD230080213C /* BoardPosition.swift */ = {isa = PBXFileReference; lastKnownFileType = sourcecode.swift; path = BoardPosition.swift; sourceTree = "<group>"; };
		E5FC66562AE3214600EF8607 /* Actions.swift */ = {isa = PBXFileReference; lastKnownFileType = sourcecode.swift; path = Actions.swift; sourceTree = "<group>"; };
/* End PBXFileReference section */

/* Begin PBXFrameworksBuildPhase section */
		E525B36B2AE1A4E10080213C /* Frameworks */ = {
			isa = PBXFrameworksBuildPhase;
			buildActionMask = 2147483647;
			files = (
			);
			runOnlyForDeploymentPostprocessing = 0;
		};
/* End PBXFrameworksBuildPhase section */

/* Begin PBXGroup section */
		E525B3602AE1A4E00080213C = {
			isa = PBXGroup;
			children = (
				E525B3652AE1A4E00080213C /* ChessGame Shared */,
				E525B3702AE1A4E10080213C /* ChessGame iOS */,
				E525B36F2AE1A4E10080213C /* Products */,
			);
			sourceTree = "<group>";
		};
		E525B3652AE1A4E00080213C /* ChessGame Shared */ = {
			isa = PBXGroup;
			children = (
				E525B38C2AE1A89E0080213C /* Shared Logic */,
				E525B38B2AE1A89A0080213C /* Model */,
				E525B3662AE1A4E00080213C /* Actions.sks */,
				E525B3672AE1A4E00080213C /* GameScene.sks */,
				E525B3682AE1A4E00080213C /* GameScene.swift */,
				E525B3692AE1A4E10080213C /* Assets.xcassets */,
			);
			path = "ChessGame Shared";
			sourceTree = "<group>";
		};
		E525B36F2AE1A4E10080213C /* Products */ = {
			isa = PBXGroup;
			children = (
				E525B36E2AE1A4E10080213C /* ChessGame.app */,
			);
			name = Products;
			sourceTree = "<group>";
		};
		E525B3702AE1A4E10080213C /* ChessGame iOS */ = {
			isa = PBXGroup;
			children = (
				E525B3892AE1A88B0080213C /* Internal Logic */,
				E525B3842AE1A4FD0080213C /* Presentation */,
				E525B3712AE1A4E10080213C /* AppDelegate.swift */,
				E525B3732AE1A4E10080213C /* GameViewController.swift */,
				E525B3752AE1A4E10080213C /* Main.storyboard */,
				E525B3782AE1A4E10080213C /* LaunchScreen.storyboard */,
			);
			path = "ChessGame iOS";
			sourceTree = "<group>";
		};
		E525B3842AE1A4FD0080213C /* Presentation */ = {
			isa = PBXGroup;
			children = (
				E5FC66582AE3239C00EF8607 /* Subviews */,
				E525B3882AE1A86C0080213C /* UIKit */,
				E525B3852AE1A5040080213C /* SwiftUI */,
			);
			path = Presentation;
			sourceTree = "<group>";
		};
		E525B3852AE1A5040080213C /* SwiftUI */ = {
			isa = PBXGroup;
			children = (
				E525B3862AE1A5220080213C /* BoardView.swift */,
			);
			path = SwiftUI;
			sourceTree = "<group>";
		};
		E525B3882AE1A86C0080213C /* UIKit */ = {
			isa = PBXGroup;
			children = (
			);
			path = UIKit;
			sourceTree = "<group>";
		};
		E525B3892AE1A88B0080213C /* Internal Logic */ = {
			isa = PBXGroup;
			children = (
			);
			path = "Internal Logic";
			sourceTree = "<group>";
		};
		E525B38B2AE1A89A0080213C /* Model */ = {
			isa = PBXGroup;
			children = (
				E525B38D2AE1A8AD0080213C /* Player.swift */,
				E525B38F2AE1AB7E0080213C /* Piece.swift */,
				E525B3912AE1AD230080213C /* BoardPosition.swift */,
			);
			path = Model;
			sourceTree = "<group>";
		};
		E525B38C2AE1A89E0080213C /* Shared Logic */ = {
			isa = PBXGroup;
			children = (
				E5FC66562AE3214600EF8607 /* Actions.swift */,
			);
			path = "Shared Logic";
			sourceTree = "<group>";
		};
		E5FC66582AE3239C00EF8607 /* Subviews */ = {
			isa = PBXGroup;
			children = (
			);
			path = Subviews;
			sourceTree = "<group>";
		};
/* End PBXGroup section */

/* Begin PBXNativeTarget section */
		E525B36D2AE1A4E10080213C /* ChessGame iOS */ = {
			isa = PBXNativeTarget;
			buildConfigurationList = E525B3812AE1A4E10080213C /* Build configuration list for PBXNativeTarget "ChessGame iOS" */;
			buildPhases = (
				E525B36A2AE1A4E10080213C /* Sources */,
				E525B36B2AE1A4E10080213C /* Frameworks */,
				E525B36C2AE1A4E10080213C /* Resources */,
			);
			buildRules = (
			);
			dependencies = (
			);
			name = "ChessGame iOS";
			productName = "ChessGame iOS";
			productReference = E525B36E2AE1A4E10080213C /* ChessGame.app */;
			productType = "com.apple.product-type.application";
		};
/* End PBXNativeTarget section */

/* Begin PBXProject section */
		E525B3612AE1A4E00080213C /* Project object */ = {
			isa = PBXProject;
			attributes = {
				BuildIndependentTargetsInParallel = 1;
				LastSwiftUpdateCheck = 1500;
				LastUpgradeCheck = 1500;
				TargetAttributes = {
					E525B36D2AE1A4E10080213C = {
						CreatedOnToolsVersion = 15.0;
					};
				};
			};
			buildConfigurationList = E525B3642AE1A4E00080213C /* Build configuration list for PBXProject "ChessGame" */;
			compatibilityVersion = "Xcode 14.0";
			developmentRegion = en;
			hasScannedForEncodings = 0;
			knownRegions = (
				en,
				Base,
			);
			mainGroup = E525B3602AE1A4E00080213C;
			productRefGroup = E525B36F2AE1A4E10080213C /* Products */;
			projectDirPath = "";
			projectRoot = "";
			targets = (
				E525B36D2AE1A4E10080213C /* ChessGame iOS */,
			);
		};
/* End PBXProject section */

/* Begin PBXResourcesBuildPhase section */
		E525B36C2AE1A4E10080213C /* Resources */ = {
			isa = PBXResourcesBuildPhase;
			buildActionMask = 2147483647;
			files = (
				E525B37C2AE1A4E10080213C /* GameScene.sks in Resources */,
				E525B3772AE1A4E10080213C /* Main.storyboard in Resources */,
				E525B37B2AE1A4E10080213C /* Actions.sks in Resources */,
				E525B37A2AE1A4E10080213C /* LaunchScreen.storyboard in Resources */,
				E525B37E2AE1A4E10080213C /* Assets.xcassets in Resources */,
			);
			runOnlyForDeploymentPostprocessing = 0;
		};
/* End PBXResourcesBuildPhase section */

/* Begin PBXSourcesBuildPhase section */
		E525B36A2AE1A4E10080213C /* Sources */ = {
			isa = PBXSourcesBuildPhase;
			buildActionMask = 2147483647;
			files = (
				E525B37D2AE1A4E10080213C /* GameScene.swift in Sources */,
				E5FC66572AE3214600EF8607 /* Actions.swift in Sources */,
				E525B3872AE1A5220080213C /* BoardView.swift in Sources */,
				E525B3902AE1AB7E0080213C /* Piece.swift in Sources */,
				E525B3742AE1A4E10080213C /* GameViewController.swift in Sources */,
				E525B38E2AE1A8AD0080213C /* Player.swift in Sources */,
				E525B3922AE1AD230080213C /* BoardPosition.swift in Sources */,
				E525B3722AE1A4E10080213C /* AppDelegate.swift in Sources */,
			);
			runOnlyForDeploymentPostprocessing = 0;
		};
/* End PBXSourcesBuildPhase section */

/* Begin PBXVariantGroup section */
		E525B3752AE1A4E10080213C /* Main.storyboard */ = {
			isa = PBXVariantGroup;
			children = (
				E525B3762AE1A4E10080213C /* Base */,
			);
			name = Main.storyboard;
			sourceTree = "<group>";
		};
		E525B3782AE1A4E10080213C /* LaunchScreen.storyboard */ = {
			isa = PBXVariantGroup;
			children = (
				E525B3792AE1A4E10080213C /* Base */,
			);
			name = LaunchScreen.storyboard;
			sourceTree = "<group>";
		};
/* End PBXVariantGroup section */

/* Begin XCBuildConfiguration section */
		E525B37F2AE1A4E10080213C /* Debug */ = {
			isa = XCBuildConfiguration;
			buildSettings = {
				ALWAYS_SEARCH_USER_PATHS = NO;
				ASSETCATALOG_COMPILER_GENERATE_SWIFT_ASSET_SYMBOL_EXTENSIONS = YES;
				CLANG_ANALYZER_NONNULL = YES;
				CLANG_ANALYZER_NUMBER_OBJECT_CONVERSION = YES_AGGRESSIVE;
				CLANG_CXX_LANGUAGE_STANDARD = "gnu++20";
				CLANG_ENABLE_MODULES = YES;
				CLANG_ENABLE_OBJC_ARC = YES;
				CLANG_ENABLE_OBJC_WEAK = YES;
				CLANG_WARN_BLOCK_CAPTURE_AUTORELEASING = YES;
				CLANG_WARN_BOOL_CONVERSION = YES;
				CLANG_WARN_COMMA = YES;
				CLANG_WARN_CONSTANT_CONVERSION = YES;
				CLANG_WARN_DEPRECATED_OBJC_IMPLEMENTATIONS = YES;
				CLANG_WARN_DIRECT_OBJC_ISA_USAGE = YES_ERROR;
				CLANG_WARN_DOCUMENTATION_COMMENTS = YES;
				CLANG_WARN_EMPTY_BODY = YES;
				CLANG_WARN_ENUM_CONVERSION = YES;
				CLANG_WARN_INFINITE_RECURSION = YES;
				CLANG_WARN_INT_CONVERSION = YES;
				CLANG_WARN_NON_LITERAL_NULL_CONVERSION = YES;
				CLANG_WARN_OBJC_IMPLICIT_RETAIN_SELF = YES;
				CLANG_WARN_OBJC_LITERAL_CONVERSION = YES;
				CLANG_WARN_OBJC_ROOT_CLASS = YES_ERROR;
				CLANG_WARN_QUOTED_INCLUDE_IN_FRAMEWORK_HEADER = YES;
				CLANG_WARN_RANGE_LOOP_ANALYSIS = YES;
				CLANG_WARN_STRICT_PROTOTYPES = YES;
				CLANG_WARN_SUSPICIOUS_MOVE = YES;
				CLANG_WARN_UNGUARDED_AVAILABILITY = YES_AGGRESSIVE;
				CLANG_WARN_UNREACHABLE_CODE = YES;
				CLANG_WARN__DUPLICATE_METHOD_MATCH = YES;
				COPY_PHASE_STRIP = NO;
				DEBUG_INFORMATION_FORMAT = dwarf;
				ENABLE_STRICT_OBJC_MSGSEND = YES;
				ENABLE_TESTABILITY = YES;
				ENABLE_USER_SCRIPT_SANDBOXING = YES;
				GCC_C_LANGUAGE_STANDARD = gnu17;
				GCC_DYNAMIC_NO_PIC = NO;
				GCC_NO_COMMON_BLOCKS = YES;
				GCC_OPTIMIZATION_LEVEL = 0;
				GCC_PREPROCESSOR_DEFINITIONS = (
					"DEBUG=1",
					"$(inherited)",
				);
				GCC_WARN_64_TO_32_BIT_CONVERSION = YES;
				GCC_WARN_ABOUT_RETURN_TYPE = YES_ERROR;
				GCC_WARN_UNDECLARED_SELECTOR = YES;
				GCC_WARN_UNINITIALIZED_AUTOS = YES_AGGRESSIVE;
				GCC_WARN_UNUSED_FUNCTION = YES;
				GCC_WARN_UNUSED_VARIABLE = YES;
				LOCALIZATION_PREFERS_STRING_CATALOGS = YES;
				MTL_ENABLE_DEBUG_INFO = INCLUDE_SOURCE;
				MTL_FAST_MATH = YES;
				ONLY_ACTIVE_ARCH = YES;
				SWIFT_ACTIVE_COMPILATION_CONDITIONS = "DEBUG $(inherited)";
				SWIFT_OPTIMIZATION_LEVEL = "-Onone";
			};
			name = Debug;
		};
		E525B3802AE1A4E10080213C /* Release */ = {
			isa = XCBuildConfiguration;
			buildSettings = {
				ALWAYS_SEARCH_USER_PATHS = NO;
				ASSETCATALOG_COMPILER_GENERATE_SWIFT_ASSET_SYMBOL_EXTENSIONS = YES;
				CLANG_ANALYZER_NONNULL = YES;
				CLANG_ANALYZER_NUMBER_OBJECT_CONVERSION = YES_AGGRESSIVE;
				CLANG_CXX_LANGUAGE_STANDARD = "gnu++20";
				CLANG_ENABLE_MODULES = YES;
				CLANG_ENABLE_OBJC_ARC = YES;
				CLANG_ENABLE_OBJC_WEAK = YES;
				CLANG_WARN_BLOCK_CAPTURE_AUTORELEASING = YES;
				CLANG_WARN_BOOL_CONVERSION = YES;
				CLANG_WARN_COMMA = YES;
				CLANG_WARN_CONSTANT_CONVERSION = YES;
				CLANG_WARN_DEPRECATED_OBJC_IMPLEMENTATIONS = YES;
				CLANG_WARN_DIRECT_OBJC_ISA_USAGE = YES_ERROR;
				CLANG_WARN_DOCUMENTATION_COMMENTS = YES;
				CLANG_WARN_EMPTY_BODY = YES;
				CLANG_WARN_ENUM_CONVERSION = YES;
				CLANG_WARN_INFINITE_RECURSION = YES;
				CLANG_WARN_INT_CONVERSION = YES;
				CLANG_WARN_NON_LITERAL_NULL_CONVERSION = YES;
				CLANG_WARN_OBJC_IMPLICIT_RETAIN_SELF = YES;
				CLANG_WARN_OBJC_LITERAL_CONVERSION = YES;
				CLANG_WARN_OBJC_ROOT_CLASS = YES_ERROR;
				CLANG_WARN_QUOTED_INCLUDE_IN_FRAMEWORK_HEADER = YES;
				CLANG_WARN_RANGE_LOOP_ANALYSIS = YES;
				CLANG_WARN_STRICT_PROTOTYPES = YES;
				CLANG_WARN_SUSPICIOUS_MOVE = YES;
				CLANG_WARN_UNGUARDED_AVAILABILITY = YES_AGGRESSIVE;
				CLANG_WARN_UNREACHABLE_CODE = YES;
				CLANG_WARN__DUPLICATE_METHOD_MATCH = YES;
				COPY_PHASE_STRIP = NO;
				DEBUG_INFORMATION_FORMAT = "dwarf-with-dsym";
				ENABLE_NS_ASSERTIONS = NO;
				ENABLE_STRICT_OBJC_MSGSEND = YES;
				ENABLE_USER_SCRIPT_SANDBOXING = YES;
				GCC_C_LANGUAGE_STANDARD = gnu17;
				GCC_NO_COMMON_BLOCKS = YES;
				GCC_WARN_64_TO_32_BIT_CONVERSION = YES;
				GCC_WARN_ABOUT_RETURN_TYPE = YES_ERROR;
				GCC_WARN_UNDECLARED_SELECTOR = YES;
				GCC_WARN_UNINITIALIZED_AUTOS = YES_AGGRESSIVE;
				GCC_WARN_UNUSED_FUNCTION = YES;
				GCC_WARN_UNUSED_VARIABLE = YES;
				LOCALIZATION_PREFERS_STRING_CATALOGS = YES;
				MTL_ENABLE_DEBUG_INFO = NO;
				MTL_FAST_MATH = YES;
				SWIFT_COMPILATION_MODE = wholemodule;
			};
			name = Release;
		};
		E525B3822AE1A4E10080213C /* Debug */ = {
			isa = XCBuildConfiguration;
			buildSettings = {
				ASSETCATALOG_COMPILER_APPICON_NAME = AppIcon;
				ASSETCATALOG_COMPILER_GLOBAL_ACCENT_COLOR_NAME = AccentColor;
				CODE_SIGN_STYLE = Automatic;
				CURRENT_PROJECT_VERSION = 1;
				DEVELOPMENT_TEAM = 5PVHGUKPAW;
				GENERATE_INFOPLIST_FILE = YES;
				INFOPLIST_KEY_LSApplicationCategoryType = "public.app-category.games";
				INFOPLIST_KEY_UIApplicationSupportsIndirectInputEvents = YES;
				INFOPLIST_KEY_UILaunchStoryboardName = LaunchScreen;
				INFOPLIST_KEY_UIMainStoryboardFile = Main;
				INFOPLIST_KEY_UIStatusBarHidden = YES;
				INFOPLIST_KEY_UISupportedInterfaceOrientations_iPad = "UIInterfaceOrientationPortrait UIInterfaceOrientationPortraitUpsideDown UIInterfaceOrientationLandscapeLeft UIInterfaceOrientationLandscapeRight";
				INFOPLIST_KEY_UISupportedInterfaceOrientations_iPhone = "UIInterfaceOrientationPortrait UIInterfaceOrientationLandscapeLeft UIInterfaceOrientationLandscapeRight";
				IPHONEOS_DEPLOYMENT_TARGET = 16.0;
				LD_RUNPATH_SEARCH_PATHS = (
					"$(inherited)",
					"@executable_path/Frameworks",
				);
				MARKETING_VERSION = 1.2;
				PRODUCT_BUNDLE_IDENTIFIER = com.CodingKovs.ChessGame;
				PRODUCT_NAME = ChessGame;
				SDKROOT = iphoneos;
				SWIFT_EMIT_LOC_STRINGS = YES;
				SWIFT_VERSION = 5.0;
				TARGETED_DEVICE_FAMILY = "1,2";
			};
			name = Debug;
		};
		E525B3832AE1A4E10080213C /* Release */ = {
			isa = XCBuildConfiguration;
			buildSettings = {
				ASSETCATALOG_COMPILER_APPICON_NAME = AppIcon;
				ASSETCATALOG_COMPILER_GLOBAL_ACCENT_COLOR_NAME = AccentColor;
				CODE_SIGN_STYLE = Automatic;
				CURRENT_PROJECT_VERSION = 1;
				DEVELOPMENT_TEAM = 5PVHGUKPAW;
				GENERATE_INFOPLIST_FILE = YES;
				INFOPLIST_KEY_LSApplicationCategoryType = "public.app-category.games";
				INFOPLIST_KEY_UIApplicationSupportsIndirectInputEvents = YES;
				INFOPLIST_KEY_UILaunchStoryboardName = LaunchScreen;
				INFOPLIST_KEY_UIMainStoryboardFile = Main;
				INFOPLIST_KEY_UIStatusBarHidden = YES;
				INFOPLIST_KEY_UISupportedInterfaceOrientations_iPad = "UIInterfaceOrientationPortrait UIInterfaceOrientationPortraitUpsideDown UIInterfaceOrientationLandscapeLeft UIInterfaceOrientationLandscapeRight";
				INFOPLIST_KEY_UISupportedInterfaceOrientations_iPhone = "UIInterfaceOrientationPortrait UIInterfaceOrientationLandscapeLeft UIInterfaceOrientationLandscapeRight";
				IPHONEOS_DEPLOYMENT_TARGET = 16.0;
				LD_RUNPATH_SEARCH_PATHS = (
					"$(inherited)",
					"@executable_path/Frameworks",
				);
				MARKETING_VERSION = 1.2;
				PRODUCT_BUNDLE_IDENTIFIER = com.CodingKovs.ChessGame;
				PRODUCT_NAME = ChessGame;
				SDKROOT = iphoneos;
				SWIFT_EMIT_LOC_STRINGS = YES;
				SWIFT_VERSION = 5.0;
				TARGETED_DEVICE_FAMILY = "1,2";
				VALIDATE_PRODUCT = YES;
			};
			name = Release;
		};
/* End XCBuildConfiguration section */

/* Begin XCConfigurationList section */
		E525B3642AE1A4E00080213C /* Build configuration list for PBXProject "ChessGame" */ = {
			isa = XCConfigurationList;
			buildConfigurations = (
				E525B37F2AE1A4E10080213C /* Debug */,
				E525B3802AE1A4E10080213C /* Release */,
			);
			defaultConfigurationIsVisible = 0;
			defaultConfigurationName = Release;
		};
		E525B3812AE1A4E10080213C /* Build configuration list for PBXNativeTarget "ChessGame iOS" */ = {
			isa = XCConfigurationList;
			buildConfigurations = (
				E525B3822AE1A4E10080213C /* Debug */,
				E525B3832AE1A4E10080213C /* Release */,
			);
			defaultConfigurationIsVisible = 0;
			defaultConfigurationName = Release;
		};
/* End XCConfigurationList section */
	};
	rootObject = E525B3612AE1A4E00080213C /* Project object */;
}
